
Microsoft Visual Studio Solution File, Format Version 12.00
# Visual Studio Version 17
VisualStudioVersion = 17.10.34705.270
MinimumVisualStudioVersion = 10.0.40219.1
Project("{9A19103F-16F7-4668-BE54-9A1E7A4F7556}") = "YouTubeGPT.Ingestion", "src\YouTubeGPT.Ingestion\YouTubeGPT.Ingestion.csproj", "{7C87C573-5CD8-4934-838D-38D25F2A9043}"
EndProject
Project("{2150E333-8FDC-42A3-9474-1A3956D46DE8}") = "Solution Items", "Solution Items", "{FA12D6D0-AABC-4C6C-B4B1-131171CDD0F2}"
	ProjectSection(SolutionItems) = preProject
		.editorconfig = .editorconfig
		.gitattributes = .gitattributes
		.gitignore = .gitignore
		Directory.Packages.props = Directory.Packages.props
	EndProjectSection
EndProject
Project("{9A19103F-16F7-4668-BE54-9A1E7A4F7556}") = "YouTubeGPT.AppHost", "src\YouTubeGPT.AppHost\YouTubeGPT.AppHost.csproj", "{BDF2435E-E3AB-430B-B40F-1895C5CCEB14}"
EndProject
Project("{9A19103F-16F7-4668-BE54-9A1E7A4F7556}") = "YouTubeGPT.ServiceDefaults", "src\YouTubeGPT.ServiceDefaults\YouTubeGPT.ServiceDefaults.csproj", "{D7507722-2B00-466C-820D-651D3E2EC9B4}"
EndProject
Project("{9A19103F-16F7-4668-BE54-9A1E7A4F7556}") = "YouTubeGPT.Database", "src\YouTubeGPT.Database\YouTubeGPT.Database.csproj", "{4381150A-C08D-4D9A-8438-368E18ACC115}"
EndProject
Project("{9A19103F-16F7-4668-BE54-9A1E7A4F7556}") = "YouTubeGPT.DatabaseMigrator", "src\YouTubeGPT.DatabaseMigrator\YouTubeGPT.DatabaseMigrator.csproj", "{74FCD13C-7101-49B1-9FDB-876141DD72FC}"
EndProject
Project("{9A19103F-16F7-4668-BE54-9A1E7A4F7556}") = "YouTubeGPT.Client", "src\YouTubeGPT.Client\YouTubeGPT.Client.csproj", "{553C211E-900A-4D30-A89E-FB5EE1A2D2A0}"
EndProject
Project("{9A19103F-16F7-4668-BE54-9A1E7A4F7556}") = "YouTubeGPT.Shared", "src\YouTubeGPT.Shared\YouTubeGPT.Shared.csproj", "{397F5801-0093-47CB-92C0-3F2C5F6CA1B0}"
EndProject
Project("{2150E333-8FDC-42A3-9474-1A3956D46DE8}") = "tests", "tests", "{4CDC8D67-3E62-495F-B393-0B9657D68DF5}"
EndProject
Project("{FAE04EC0-301F-11D3-BF4B-00C04F79EFBC}") = "YouTubeGPT.Tests", "tests\YouTubeGPT.Tests\YouTubeGPT.Tests.csproj", "{5524B6DE-AC09-4601-8622-3B1CA36512E4}"
EndProject
Global
	GlobalSection(SolutionConfigurationPlatforms) = preSolution
		Debug|Any CPU = Debug|Any CPU
		Release|Any CPU = Release|Any CPU
	EndGlobalSection
	GlobalSection(ProjectConfigurationPlatforms) = postSolution
		{7C87C573-5CD8-4934-838D-38D25F2A9043}.Debug|Any CPU.ActiveCfg = Debug|Any CPU
		{7C87C573-5CD8-4934-838D-38D25F2A9043}.Debug|Any CPU.Build.0 = Debug|Any CPU
		{7C87C573-5CD8-4934-838D-38D25F2A9043}.Release|Any CPU.ActiveCfg = Release|Any CPU
		{7C87C573-5CD8-4934-838D-38D25F2A9043}.Release|Any CPU.Build.0 = Release|Any CPU
		{BDF2435E-E3AB-430B-B40F-1895C5CCEB14}.Debug|Any CPU.ActiveCfg = Debug|Any CPU
		{BDF2435E-E3AB-430B-B40F-1895C5CCEB14}.Debug|Any CPU.Build.0 = Debug|Any CPU
		{BDF2435E-E3AB-430B-B40F-1895C5CCEB14}.Release|Any CPU.ActiveCfg = Release|Any CPU
		{BDF2435E-E3AB-430B-B40F-1895C5CCEB14}.Release|Any CPU.Build.0 = Release|Any CPU
		{D7507722-2B00-466C-820D-651D3E2EC9B4}.Debug|Any CPU.ActiveCfg = Debug|Any CPU
		{D7507722-2B00-466C-820D-651D3E2EC9B4}.Debug|Any CPU.Build.0 = Debug|Any CPU
		{D7507722-2B00-466C-820D-651D3E2EC9B4}.Release|Any CPU.ActiveCfg = Release|Any CPU
		{D7507722-2B00-466C-820D-651D3E2EC9B4}.Release|Any CPU.Build.0 = Release|Any CPU
		{4381150A-C08D-4D9A-8438-368E18ACC115}.Debug|Any CPU.ActiveCfg = Debug|Any CPU
		{4381150A-C08D-4D9A-8438-368E18ACC115}.Debug|Any CPU.Build.0 = Debug|Any CPU
		{4381150A-C08D-4D9A-8438-368E18ACC115}.Release|Any CPU.ActiveCfg = Release|Any CPU
		{4381150A-C08D-4D9A-8438-368E18ACC115}.Release|Any CPU.Build.0 = Release|Any CPU
		{74FCD13C-7101-49B1-9FDB-876141DD72FC}.Debug|Any CPU.ActiveCfg = Debug|Any CPU
		{74FCD13C-7101-49B1-9FDB-876141DD72FC}.Debug|Any CPU.Build.0 = Debug|Any CPU
		{74FCD13C-7101-49B1-9FDB-876141DD72FC}.Release|Any CPU.ActiveCfg = Release|Any CPU
		{74FCD13C-7101-49B1-9FDB-876141DD72FC}.Release|Any CPU.Build.0 = Release|Any CPU
		{553C211E-900A-4D30-A89E-FB5EE1A2D2A0}.Debug|Any CPU.ActiveCfg = Debug|Any CPU
		{553C211E-900A-4D30-A89E-FB5EE1A2D2A0}.Debug|Any CPU.Build.0 = Debug|Any CPU
		{553C211E-900A-4D30-A89E-FB5EE1A2D2A0}.Release|Any CPU.ActiveCfg = Release|Any CPU
		{553C211E-900A-4D30-A89E-FB5EE1A2D2A0}.Release|Any CPU.Build.0 = Release|Any CPU
		{397F5801-0093-47CB-92C0-3F2C5F6CA1B0}.Debug|Any CPU.ActiveCfg = Debug|Any CPU
		{397F5801-0093-47CB-92C0-3F2C5F6CA1B0}.Debug|Any CPU.Build.0 = Debug|Any CPU
		{397F5801-0093-47CB-92C0-3F2C5F6CA1B0}.Release|Any CPU.ActiveCfg = Release|Any CPU
		{397F5801-0093-47CB-92C0-3F2C5F6CA1B0}.Release|Any CPU.Build.0 = Release|Any CPU
		{5524B6DE-AC09-4601-8622-3B1CA36512E4}.Debug|Any CPU.ActiveCfg = Debug|Any CPU
		{5524B6DE-AC09-4601-8622-3B1CA36512E4}.Debug|Any CPU.Build.0 = Debug|Any CPU
		{5524B6DE-AC09-4601-8622-3B1CA36512E4}.Release|Any CPU.ActiveCfg = Release|Any CPU
		{5524B6DE-AC09-4601-8622-3B1CA36512E4}.Release|Any CPU.Build.0 = Release|Any CPU
	EndGlobalSection
	GlobalSection(SolutionProperties) = preSolution
		HideSolutionNode = FALSE
	EndGlobalSection
	GlobalSection(ExtensibilityGlobals) = postSolution
		SolutionGuid = {64316A04-D124-43AF-8BAD-B21E6F0CD408}
	EndGlobalSection
	GlobalSection(NestedProjects) = preSolution
		{5524B6DE-AC09-4601-8622-3B1CA36512E4} = {4CDC8D67-3E62-495F-B393-0B9657D68DF5}
	EndGlobalSection
EndGlobal
